
Microsoft Visual Studio Solution File, Format Version 12.00
# Visual Studio 15
VisualStudioVersion = 15.0.28307.1062
MinimumVisualStudioVersion = 10.0.40219.1
Project("{9A19103F-16F7-4668-BE54-9A1E7A4F7556}") = "DockerComposeTest", "DockerComposeTest\DockerComposeTest.csproj", "{E43DEEAD-464F-465B-9A07-5ACE4FDD5ACA}"
EndProject
Project("{9A19103F-16F7-4668-BE54-9A1E7A4F7556}") = "Api2", "Api2\Api2.csproj", "{24C755D4-0C40-4175-A11C-F86FBD735B64}"
EndProject
Project("{2150E333-8FDC-42A3-9474-1A3956D46DE8}") = "Solution Items", "Solution Items", "{A8058809-865E-42A3-8253-7DD126D735B8}"
	ProjectSection(SolutionItems) = preProject
		docker-compose.yml = docker-compose.yml
	EndProjectSection
EndProject
Global
	GlobalSection(SolutionConfigurationPlatforms) = preSolution
		Debug|Any CPU = Debug|Any CPU
		Release|Any CPU = Release|Any CPU
	EndGlobalSection
	GlobalSection(ProjectConfigurationPlatforms) = postSolution
		{E43DEEAD-464F-465B-9A07-5ACE4FDD5ACA}.Debug|Any CPU.ActiveCfg = Debug|Any CPU
		{E43DEEAD-464F-465B-9A07-5ACE4FDD5ACA}.Debug|Any CPU.Build.0 = Debug|Any CPU
		{E43DEEAD-464F-465B-9A07-5ACE4FDD5ACA}.Release|Any CPU.ActiveCfg = Release|Any CPU
		{E43DEEAD-464F-465B-9A07-5ACE4FDD5ACA}.Release|Any CPU.Build.0 = Release|Any CPU
		{24C755D4-0C40-4175-A11C-F86FBD735B64}.Debug|Any CPU.ActiveCfg = Debug|Any CPU
		{24C755D4-0C40-4175-A11C-F86FBD735B64}.Debug|Any CPU.Build.0 = Debug|Any CPU
		{24C755D4-0C40-4175-A11C-F86FBD735B64}.Release|Any CPU.ActiveCfg = Release|Any CPU
		{24C755D4-0C40-4175-A11C-F86FBD735B64}.Release|Any CPU.Build.0 = Release|Any CPU
	EndGlobalSection
	GlobalSection(SolutionProperties) = preSolution
		HideSolutionNode = FALSE
	EndGlobalSection
	GlobalSection(ExtensibilityGlobals) = postSolution
		SolutionGuid = {66B62DDE-19AF-4B9D-8893-8ABB45605A94}
	EndGlobalSection
EndGlobal
